// !$*UTF8*$!
{
	archiveVersion = 1;
	classes = {
	};
	objectVersion = 51;
	objects = {

/* Begin PBXBuildFile section */
		4737D8F6260C7AE4007B6FCD /* AppDelegate.swift in Sources */ = {isa = PBXBuildFile; fileRef = 4737D8F5260C7AE4007B6FCD /* AppDelegate.swift */; };
		4737D8F8260C7AE4007B6FCD /* SceneDelegate.swift in Sources */ = {isa = PBXBuildFile; fileRef = 4737D8F7260C7AE4007B6FCD /* SceneDelegate.swift */; };
		4737D8FA260C7AE4007B6FCD /* ListViewController.swift in Sources */ = {isa = PBXBuildFile; fileRef = 4737D8F9260C7AE4007B6FCD /* ListViewController.swift */; };
		4737D8FD260C7AE4007B6FCD /* Main.storyboard in Resources */ = {isa = PBXBuildFile; fileRef = 4737D8FB260C7AE4007B6FCD /* Main.storyboard */; };
		4737D8FF260C7AE5007B6FCD /* Assets.xcassets in Resources */ = {isa = PBXBuildFile; fileRef = 4737D8FE260C7AE5007B6FCD /* Assets.xcassets */; };
		4737D902260C7AE5007B6FCD /* LaunchScreen.storyboard in Resources */ = {isa = PBXBuildFile; fileRef = 4737D900260C7AE5007B6FCD /* LaunchScreen.storyboard */; };
		4737D919260CA104007B6FCD /* SearchViewController.swift in Sources */ = {isa = PBXBuildFile; fileRef = 4737D918260CA104007B6FCD /* SearchViewController.swift */; };
		4737D91C260CA144007B6FCD /* RandomViewController.swift in Sources */ = {isa = PBXBuildFile; fileRef = 4737D91B260CA144007B6FCD /* RandomViewController.swift */; };
		C5E8045CE51D1D1EEA86E426 /* Pods_Beer_List.framework in Frameworks */ = {isa = PBXBuildFile; fileRef = 9F790B4EF21F9505904621B1 /* Pods_Beer_List.framework */; };
/* End PBXBuildFile section */

/* Begin PBXFileReference section */
		4737D8F2260C7AE4007B6FCD /* Beer_List.app */ = {isa = PBXFileReference; explicitFileType = wrapper.application; includeInIndex = 0; path = Beer_List.app; sourceTree = BUILT_PRODUCTS_DIR; };
		4737D8F5260C7AE4007B6FCD /* AppDelegate.swift */ = {isa = PBXFileReference; lastKnownFileType = sourcecode.swift; path = AppDelegate.swift; sourceTree = "<group>"; };
		4737D8F7260C7AE4007B6FCD /* SceneDelegate.swift */ = {isa = PBXFileReference; lastKnownFileType = sourcecode.swift; path = SceneDelegate.swift; sourceTree = "<group>"; };
		4737D8F9260C7AE4007B6FCD /* ListViewController.swift */ = {isa = PBXFileReference; lastKnownFileType = sourcecode.swift; path = ListViewController.swift; sourceTree = "<group>"; };
		4737D8FC260C7AE4007B6FCD /* Base */ = {isa = PBXFileReference; lastKnownFileType = file.storyboard; name = Base; path = Base.lproj/Main.storyboard; sourceTree = "<group>"; };
		4737D8FE260C7AE5007B6FCD /* Assets.xcassets */ = {isa = PBXFileReference; lastKnownFileType = folder.assetcatalog; path = Assets.xcassets; sourceTree = "<group>"; };
		4737D901260C7AE5007B6FCD /* Base */ = {isa = PBXFileReference; lastKnownFileType = file.storyboard; name = Base; path = Base.lproj/LaunchScreen.storyboard; sourceTree = "<group>"; };
		4737D903260C7AE5007B6FCD /* Info.plist */ = {isa = PBXFileReference; lastKnownFileType = text.plist.xml; path = Info.plist; sourceTree = "<group>"; };
		4737D918260CA104007B6FCD /* SearchViewController.swift */ = {isa = PBXFileReference; lastKnownFileType = sourcecode.swift; path = SearchViewController.swift; sourceTree = "<group>"; };
		4737D91B260CA144007B6FCD /* RandomViewController.swift */ = {isa = PBXFileReference; lastKnownFileType = sourcecode.swift; path = RandomViewController.swift; sourceTree = "<group>"; };
		9B104CB8C3EFCBCFB042BD77 /* Pods-Beer_List.release.xcconfig */ = {isa = PBXFileReference; includeInIndex = 1; lastKnownFileType = text.xcconfig; name = "Pods-Beer_List.release.xcconfig"; path = "Target Support Files/Pods-Beer_List/Pods-Beer_List.release.xcconfig"; sourceTree = "<group>"; };
		9F790B4EF21F9505904621B1 /* Pods_Beer_List.framework */ = {isa = PBXFileReference; explicitFileType = wrapper.framework; includeInIndex = 0; path = Pods_Beer_List.framework; sourceTree = BUILT_PRODUCTS_DIR; };
		EB2A5064AAD6F553C00158CE /* Pods-Beer_List.debug.xcconfig */ = {isa = PBXFileReference; includeInIndex = 1; lastKnownFileType = text.xcconfig; name = "Pods-Beer_List.debug.xcconfig"; path = "Target Support Files/Pods-Beer_List/Pods-Beer_List.debug.xcconfig"; sourceTree = "<group>"; };
/* End PBXFileReference section */

/* Begin PBXFrameworksBuildPhase section */
		4737D8EF260C7AE4007B6FCD /* Frameworks */ = {
			isa = PBXFrameworksBuildPhase;
			buildActionMask = 2147483647;
			files = (
				C5E8045CE51D1D1EEA86E426 /* Pods_Beer_List.framework in Frameworks */,
			);
			runOnlyForDeploymentPostprocessing = 0;
		};
/* End PBXFrameworksBuildPhase section */

/* Begin PBXGroup section */
		3DA1ECE10C52D159497A0733 /* Pods */ = {
			isa = PBXGroup;
			children = (
				EB2A5064AAD6F553C00158CE /* Pods-Beer_List.debug.xcconfig */,
				9B104CB8C3EFCBCFB042BD77 /* Pods-Beer_List.release.xcconfig */,
			);
			path = Pods;
			sourceTree = "<group>";
		};
		4737D8E9260C7AE4007B6FCD = {
			isa = PBXGroup;
			children = (
				4737D8F4260C7AE4007B6FCD /* Beer_List */,
				4737D8F3260C7AE4007B6FCD /* Products */,
				3DA1ECE10C52D159497A0733 /* Pods */,
				930E9799A894A9BEF9AC869B /* Frameworks */,
			);
			sourceTree = "<group>";
		};
		4737D8F3260C7AE4007B6FCD /* Products */ = {
			isa = PBXGroup;
			children = (
				4737D8F2260C7AE4007B6FCD /* Beer_List.app */,
			);
			name = Products;
			sourceTree = "<group>";
		};
		4737D8F4260C7AE4007B6FCD /* Beer_List */ = {
			isa = PBXGroup;
			children = (
				4737D914260C7F31007B6FCD /* Model */,
				4737D912260C7F25007B6FCD /* View */,
				4737D913260C7F2B007B6FCD /* ViewModel */,
				4737D91E260CA191007B6FCD /* Network */,
				4737D916260CA0B9007B6FCD /* Base */,
				4737D903260C7AE5007B6FCD /* Info.plist */,
			);
			path = Beer_List;
			sourceTree = "<group>";
		};
		4737D912260C7F25007B6FCD /* View */ = {
			isa = PBXGroup;
			children = (
				4737D8F9260C7AE4007B6FCD /* ListViewController.swift */,
				4737D918260CA104007B6FCD /* SearchViewController.swift */,
				4737D91B260CA144007B6FCD /* RandomViewController.swift */,
			);
			path = View;
			sourceTree = "<group>";
		};
		4737D913260C7F2B007B6FCD /* ViewModel */ = {
			isa = PBXGroup;
			children = (
			);
			path = ViewModel;
			sourceTree = "<group>";
		};
		4737D914260C7F31007B6FCD /* Model */ = {
			isa = PBXGroup;
			children = (
			);
			path = Model;
			sourceTree = "<group>";
		};
		4737D916260CA0B9007B6FCD /* Base */ = {
			isa = PBXGroup;
			children = (
				4737D8F5260C7AE4007B6FCD /* AppDelegate.swift */,
				4737D8F7260C7AE4007B6FCD /* SceneDelegate.swift */,
				4737D8FB260C7AE4007B6FCD /* Main.storyboard */,
				4737D900260C7AE5007B6FCD /* LaunchScreen.storyboard */,
				4737D8FE260C7AE5007B6FCD /* Assets.xcassets */,
			);
			path = Base;
			sourceTree = "<group>";
		};
		4737D91E260CA191007B6FCD /* Network */ = {
			isa = PBXGroup;
			children = (
			);
			path = Network;
			sourceTree = "<group>";
		};
		930E9799A894A9BEF9AC869B /* Frameworks */ = {
			isa = PBXGroup;
			children = (
				9F790B4EF21F9505904621B1 /* Pods_Beer_List.framework */,
			);
			name = Frameworks;
			sourceTree = "<group>";
		};
/* End PBXGroup section */

/* Begin PBXNativeTarget section */
		4737D8F1260C7AE4007B6FCD /* Beer_List */ = {
			isa = PBXNativeTarget;
			buildConfigurationList = 4737D906260C7AE5007B6FCD /* Build configuration list for PBXNativeTarget "Beer_List" */;
			buildPhases = (
				BDC748A44ED7596C2B2C1027 /* [CP] Check Pods Manifest.lock */,
				4737D8EE260C7AE4007B6FCD /* Sources */,
				4737D8EF260C7AE4007B6FCD /* Frameworks */,
				4737D8F0260C7AE4007B6FCD /* Resources */,
				5835CD30F2EC4256CDB871C7 /* [CP] Embed Pods Frameworks */,
			);
			buildRules = (
			);
			dependencies = (
			);
			name = Beer_List;
			productName = Beer_List;
			productReference = 4737D8F2260C7AE4007B6FCD /* Beer_List.app */;
			productType = "com.apple.product-type.application";
		};
/* End PBXNativeTarget section */

/* Begin PBXProject section */
		4737D8EA260C7AE4007B6FCD /* Project object */ = {
			isa = PBXProject;
			attributes = {
				LastSwiftUpdateCheck = 1240;
				LastUpgradeCheck = 1240;
				TargetAttributes = {
					4737D8F1260C7AE4007B6FCD = {
						CreatedOnToolsVersion = 12.4;
					};
				};
			};
			buildConfigurationList = 4737D8ED260C7AE4007B6FCD /* Build configuration list for PBXProject "Beer_List" */;
			compatibilityVersion = "Xcode 9.3";
			developmentRegion = en;
			hasScannedForEncodings = 0;
			knownRegions = (
				en,
				Base,
			);
			mainGroup = 4737D8E9260C7AE4007B6FCD;
			productRefGroup = 4737D8F3260C7AE4007B6FCD /* Products */;
			projectDirPath = "";
			projectRoot = "";
			targets = (
				4737D8F1260C7AE4007B6FCD /* Beer_List */,
			);
		};
/* End PBXProject section */

/* Begin PBXResourcesBuildPhase section */
		4737D8F0260C7AE4007B6FCD /* Resources */ = {
			isa = PBXResourcesBuildPhase;
			buildActionMask = 2147483647;
			files = (
				4737D902260C7AE5007B6FCD /* LaunchScreen.storyboard in Resources */,
				4737D8FF260C7AE5007B6FCD /* Assets.xcassets in Resources */,
				4737D8FD260C7AE4007B6FCD /* Main.storyboard in Resources */,
			);
			runOnlyForDeploymentPostprocessing = 0;
		};
/* End PBXResourcesBuildPhase section */

/* Begin PBXShellScriptBuildPhase section */
		5835CD30F2EC4256CDB871C7 /* [CP] Embed Pods Frameworks */ = {
			isa = PBXShellScriptBuildPhase;
			buildActionMask = 2147483647;
			files = (
			);
			inputFileListPaths = (
				"${PODS_ROOT}/Target Support Files/Pods-Beer_List/Pods-Beer_List-frameworks-${CONFIGURATION}-input-files.xcfilelist",
			);
			name = "[CP] Embed Pods Frameworks";
			outputFileListPaths = (
				"${PODS_ROOT}/Target Support Files/Pods-Beer_List/Pods-Beer_List-frameworks-${CONFIGURATION}-output-files.xcfilelist",
			);
			runOnlyForDeploymentPostprocessing = 0;
			shellPath = /bin/sh;
			shellScript = "\"${PODS_ROOT}/Target Support Files/Pods-Beer_List/Pods-Beer_List-frameworks.sh\"\n";
			showEnvVarsInLog = 0;
		};
		BDC748A44ED7596C2B2C1027 /* [CP] Check Pods Manifest.lock */ = {
			isa = PBXShellScriptBuildPhase;
			buildActionMask = 2147483647;
			files = (
			);
			inputFileListPaths = (
			);
			inputPaths = (
				"${PODS_PODFILE_DIR_PATH}/Podfile.lock",
				"${PODS_ROOT}/Manifest.lock",
			);
			name = "[CP] Check Pods Manifest.lock";
			outputFileListPaths = (
			);
			outputPaths = (
				"$(DERIVED_FILE_DIR)/Pods-Beer_List-checkManifestLockResult.txt",
			);
			runOnlyForDeploymentPostprocessing = 0;
			shellPath = /bin/sh;
			shellScript = "diff \"${PODS_PODFILE_DIR_PATH}/Podfile.lock\" \"${PODS_ROOT}/Manifest.lock\" > /dev/null\nif [ $? != 0 ] ; then\n    # print error to STDERR\n    echo \"error: The sandbox is not in sync with the Podfile.lock. Run 'pod install' or update your CocoaPods installation.\" >&2\n    exit 1\nfi\n# This output is used by Xcode 'outputs' to avoid re-running this script phase.\necho \"SUCCESS\" > \"${SCRIPT_OUTPUT_FILE_0}\"\n";
			showEnvVarsInLog = 0;
		};
/* End PBXShellScriptBuildPhase section */

/* Begin PBXSourcesBuildPhase section */
		4737D8EE260C7AE4007B6FCD /* Sources */ = {
			isa = PBXSourcesBuildPhase;
			buildActionMask = 2147483647;
			files = (
				4737D91C260CA144007B6FCD /* RandomViewController.swift in Sources */,
				4737D8FA260C7AE4007B6FCD /* ListViewController.swift in Sources */,
				4737D8F6260C7AE4007B6FCD /* AppDelegate.swift in Sources */,
				4737D919260CA104007B6FCD /* SearchViewController.swift in Sources */,
				4737D8F8260C7AE4007B6FCD /* SceneDelegate.swift in Sources */,
			);
			runOnlyForDeploymentPostprocessing = 0;
		};
/* End PBXSourcesBuildPhase section */

/* Begin PBXVariantGroup section */
		4737D8FB260C7AE4007B6FCD /* Main.storyboard */ = {
			isa = PBXVariantGroup;
			children = (
				4737D8FC260C7AE4007B6FCD /* Base */,
			);
			name = Main.storyboard;
			sourceTree = "<group>";
		};
		4737D900260C7AE5007B6FCD /* LaunchScreen.storyboard */ = {
			isa = PBXVariantGroup;
			children = (
				4737D901260C7AE5007B6FCD /* Base */,
			);
			name = LaunchScreen.storyboard;
			sourceTree = "<group>";
		};
/* End PBXVariantGroup section */

/* Begin XCBuildConfiguration section */
		4737D904260C7AE5007B6FCD /* Debug */ = {
			isa = XCBuildConfiguration;
			buildSettings = {
				ALWAYS_SEARCH_USER_PATHS = NO;
				CLANG_ANALYZER_NONNULL = YES;
				CLANG_ANALYZER_NUMBER_OBJECT_CONVERSION = YES_AGGRESSIVE;
				CLANG_CXX_LANGUAGE_STANDARD = "gnu++14";
				CLANG_CXX_LIBRARY = "libc++";
				CLANG_ENABLE_MODULES = YES;
				CLANG_ENABLE_OBJC_ARC = YES;
				CLANG_ENABLE_OBJC_WEAK = YES;
				CLANG_WARN_BLOCK_CAPTURE_AUTORELEASING = YES;
				CLANG_WARN_BOOL_CONVERSION = YES;
				CLANG_WARN_COMMA = YES;
				CLANG_WARN_CONSTANT_CONVERSION = YES;
				CLANG_WARN_DEPRECATED_OBJC_IMPLEMENTATIONS = YES;
				CLANG_WARN_DIRECT_OBJC_ISA_USAGE = YES_ERROR;
				CLANG_WARN_DOCUMENTATION_COMMENTS = YES;
				CLANG_WARN_EMPTY_BODY = YES;
				CLANG_WARN_ENUM_CONVERSION = YES;
				CLANG_WARN_INFINITE_RECURSION = YES;
				CLANG_WARN_INT_CONVERSION = YES;
				CLANG_WARN_NON_LITERAL_NULL_CONVERSION = YES;
				CLANG_WARN_OBJC_IMPLICIT_RETAIN_SELF = YES;
				CLANG_WARN_OBJC_LITERAL_CONVERSION = YES;
				CLANG_WARN_OBJC_ROOT_CLASS = YES_ERROR;
				CLANG_WARN_QUOTED_INCLUDE_IN_FRAMEWORK_HEADER = YES;
				CLANG_WARN_RANGE_LOOP_ANALYSIS = YES;
				CLANG_WARN_STRICT_PROTOTYPES = YES;
				CLANG_WARN_SUSPICIOUS_MOVE = YES;
				CLANG_WARN_UNGUARDED_AVAILABILITY = YES_AGGRESSIVE;
				CLANG_WARN_UNREACHABLE_CODE = YES;
				CLANG_WARN__DUPLICATE_METHOD_MATCH = YES;
				COPY_PHASE_STRIP = NO;
				DEBUG_INFORMATION_FORMAT = dwarf;
				ENABLE_STRICT_OBJC_MSGSEND = YES;
				ENABLE_TESTABILITY = YES;
				GCC_C_LANGUAGE_STANDARD = gnu11;
				GCC_DYNAMIC_NO_PIC = NO;
				GCC_NO_COMMON_BLOCKS = YES;
				GCC_OPTIMIZATION_LEVEL = 0;
				GCC_PREPROCESSOR_DEFINITIONS = (
					"DEBUG=1",
					"$(inherited)",
				);
				GCC_WARN_64_TO_32_BIT_CONVERSION = YES;
				GCC_WARN_ABOUT_RETURN_TYPE = YES_ERROR;
				GCC_WARN_UNDECLARED_SELECTOR = YES;
				GCC_WARN_UNINITIALIZED_AUTOS = YES_AGGRESSIVE;
				GCC_WARN_UNUSED_FUNCTION = YES;
				GCC_WARN_UNUSED_VARIABLE = YES;
				IPHONEOS_DEPLOYMENT_TARGET = 14.4;
				MTL_ENABLE_DEBUG_INFO = INCLUDE_SOURCE;
				MTL_FAST_MATH = YES;
				ONLY_ACTIVE_ARCH = YES;
				SDKROOT = iphoneos;
				SWIFT_ACTIVE_COMPILATION_CONDITIONS = DEBUG;
				SWIFT_OPTIMIZATION_LEVEL = "-Onone";
			};
			name = Debug;
		};
		4737D905260C7AE5007B6FCD /* Release */ = {
			isa = XCBuildConfiguration;
			buildSettings = {
				ALWAYS_SEARCH_USER_PATHS = NO;
				CLANG_ANALYZER_NONNULL = YES;
				CLANG_ANALYZER_NUMBER_OBJECT_CONVERSION = YES_AGGRESSIVE;
				CLANG_CXX_LANGUAGE_STANDARD = "gnu++14";
				CLANG_CXX_LIBRARY = "libc++";
				CLANG_ENABLE_MODULES = YES;
				CLANG_ENABLE_OBJC_ARC = YES;
				CLANG_ENABLE_OBJC_WEAK = YES;
				CLANG_WARN_BLOCK_CAPTURE_AUTORELEASING = YES;
				CLANG_WARN_BOOL_CONVERSION = YES;
				CLANG_WARN_COMMA = YES;
				CLANG_WARN_CONSTANT_CONVERSION = YES;
				CLANG_WARN_DEPRECATED_OBJC_IMPLEMENTATIONS = YES;
				CLANG_WARN_DIRECT_OBJC_ISA_USAGE = YES_ERROR;
				CLANG_WARN_DOCUMENTATION_COMMENTS = YES;
				CLANG_WARN_EMPTY_BODY = YES;
				CLANG_WARN_ENUM_CONVERSION = YES;
				CLANG_WARN_INFINITE_RECURSION = YES;
				CLANG_WARN_INT_CONVERSION = YES;
				CLANG_WARN_NON_LITERAL_NULL_CONVERSION = YES;
				CLANG_WARN_OBJC_IMPLICIT_RETAIN_SELF = YES;
				CLANG_WARN_OBJC_LITERAL_CONVERSION = YES;
				CLANG_WARN_OBJC_ROOT_CLASS = YES_ERROR;
				CLANG_WARN_QUOTED_INCLUDE_IN_FRAMEWORK_HEADER = YES;
				CLANG_WARN_RANGE_LOOP_ANALYSIS = YES;
				CLANG_WARN_STRICT_PROTOTYPES = YES;
				CLANG_WARN_SUSPICIOUS_MOVE = YES;
				CLANG_WARN_UNGUARDED_AVAILABILITY = YES_AGGRESSIVE;
				CLANG_WARN_UNREACHABLE_CODE = YES;
				CLANG_WARN__DUPLICATE_METHOD_MATCH = YES;
				COPY_PHASE_STRIP = NO;
				DEBUG_INFORMATION_FORMAT = "dwarf-with-dsym";
				ENABLE_NS_ASSERTIONS = NO;
				ENABLE_STRICT_OBJC_MSGSEND = YES;
				GCC_C_LANGUAGE_STANDARD = gnu11;
				GCC_NO_COMMON_BLOCKS = YES;
				GCC_WARN_64_TO_32_BIT_CONVERSION = YES;
				GCC_WARN_ABOUT_RETURN_TYPE = YES_ERROR;
				GCC_WARN_UNDECLARED_SELECTOR = YES;
				GCC_WARN_UNINITIALIZED_AUTOS = YES_AGGRESSIVE;
				GCC_WARN_UNUSED_FUNCTION = YES;
				GCC_WARN_UNUSED_VARIABLE = YES;
				IPHONEOS_DEPLOYMENT_TARGET = 14.4;
				MTL_ENABLE_DEBUG_INFO = NO;
				MTL_FAST_MATH = YES;
				SDKROOT = iphoneos;
				SWIFT_COMPILATION_MODE = wholemodule;
				SWIFT_OPTIMIZATION_LEVEL = "-O";
				VALIDATE_PRODUCT = YES;
			};
			name = Release;
		};
		4737D907260C7AE5007B6FCD /* Debug */ = {
			isa = XCBuildConfiguration;
			baseConfigurationReference = EB2A5064AAD6F553C00158CE /* Pods-Beer_List.debug.xcconfig */;
			buildSettings = {
				ASSETCATALOG_COMPILER_APPICON_NAME = AppIcon;
				ASSETCATALOG_COMPILER_GLOBAL_ACCENT_COLOR_NAME = AccentColor;
				CODE_SIGN_STYLE = Automatic;
				DEVELOPMENT_TEAM = Z25H7B85Z8;
				INFOPLIST_FILE = Beer_List/Info.plist;
				LD_RUNPATH_SEARCH_PATHS = (
					"$(inherited)",
					"@executable_path/Frameworks",
				);
				PRODUCT_BUNDLE_IDENTIFIER = "DohyunKim.Beer-List";
				PRODUCT_NAME = "$(TARGET_NAME)";
				SWIFT_VERSION = 5.0;
				TARGETED_DEVICE_FAMILY = "1,2";
			};
			name = Debug;
		};
		4737D908260C7AE5007B6FCD /* Release */ = {
			isa = XCBuildConfiguration;
			baseConfigurationReference = 9B104CB8C3EFCBCFB042BD77 /* Pods-Beer_List.release.xcconfig */;
			buildSettings = {
				ASSETCATALOG_COMPILER_APPICON_NAME = AppIcon;
				ASSETCATALOG_COMPILER_GLOBAL_ACCENT_COLOR_NAME = AccentColor;
				CODE_SIGN_STYLE = Automatic;
				DEVELOPMENT_TEAM = Z25H7B85Z8;
				INFOPLIST_FILE = Beer_List/Info.plist;
				LD_RUNPATH_SEARCH_PATHS = (
					"$(inherited)",
					"@executable_path/Frameworks",
				);
				PRODUCT_BUNDLE_IDENTIFIER = "DohyunKim.Beer-List";
				PRODUCT_NAME = "$(TARGET_NAME)";
				SWIFT_VERSION = 5.0;
				TARGETED_DEVICE_FAMILY = "1,2";
			};
			name = Release;
		};
/* End XCBuildConfiguration section */

/* Begin XCConfigurationList section */
		4737D8ED260C7AE4007B6FCD /* Build configuration list for PBXProject "Beer_List" */ = {
			isa = XCConfigurationList;
			buildConfigurations = (
				4737D904260C7AE5007B6FCD /* Debug */,
				4737D905260C7AE5007B6FCD /* Release */,
			);
			defaultConfigurationIsVisible = 0;
			defaultConfigurationName = Release;
		};
		4737D906260C7AE5007B6FCD /* Build configuration list for PBXNativeTarget "Beer_List" */ = {
			isa = XCConfigurationList;
			buildConfigurations = (
				4737D907260C7AE5007B6FCD /* Debug */,
				4737D908260C7AE5007B6FCD /* Release */,
			);
			defaultConfigurationIsVisible = 0;
			defaultConfigurationName = Release;
		};
/* End XCConfigurationList section */
	};
	rootObject = 4737D8EA260C7AE4007B6FCD /* Project object */;
}
